
Microsoft Visual Studio Solution File, Format Version 12.00
# Visual Studio Version 16
VisualStudioVersion = 16.0.31205.134
MinimumVisualStudioVersion = 10.0.40219.1
Project("{2150E333-8FDC-42A3-9474-1A3956D46DE8}") = "src", "src", "{D97ADB8E-B2A2-4CD7-8A79-A11D24718113}"
EndProject
Project("{2150E333-8FDC-42A3-9474-1A3956D46DE8}") = "tests", "tests", "{53982C5F-E220-4BC1-9900-3C92151B12DE}"
EndProject
Project("{2150E333-8FDC-42A3-9474-1A3956D46DE8}") = "Bootstrapper", "Bootstrapper", "{B4EA92BB-FA5A-4364-85E6-64173239E6CB}"
EndProject
Project("{9A19103F-16F7-4668-BE54-9A1E7A4F7556}") = "YetAnotherECommerce.Bootstrapper", "src\Bootstrapper\YetAnotherECommerce.Bootstrapper\YetAnotherECommerce.Bootstrapper.csproj", "{7C071E65-ED04-4B44-A710-7CFB6F6F7106}"
EndProject
Project("{2150E333-8FDC-42A3-9474-1A3956D46DE8}") = "Modules", "Modules", "{D74CBF10-4A6B-49DA-96F4-41EE87E75DAB}"
EndProject
Project("{2150E333-8FDC-42A3-9474-1A3956D46DE8}") = "Identity", "Identity", "{4FEC0D54-8212-4A24-96E3-04323C94C863}"
EndProject
Project("{9A19103F-16F7-4668-BE54-9A1E7A4F7556}") = "YetAnotherECommerce.Modules.Identity.Api", "src\Modules\Identity\YetAnotherECommerce.Modules.Identity.Api\YetAnotherECommerce.Modules.Identity.Api.csproj", "{7B8BF375-AC9C-475F-9C23-E755B0E63A19}"
EndProject
Project("{2150E333-8FDC-42A3-9474-1A3956D46DE8}") = "Users", "Users", "{D5413548-BCFC-478F-8906-0484E2D94B25}"
EndProject
Project("{2150E333-8FDC-42A3-9474-1A3956D46DE8}") = "Shared", "Shared", "{487BC44C-1C80-4F65-BAE4-189A0640D211}"
EndProject
Project("{9A19103F-16F7-4668-BE54-9A1E7A4F7556}") = "YetAnotherECommerce.Modules.Users.Api", "src\Modules\Users\YetAnotherECommerce.Modules.Users.Api\YetAnotherECommerce.Modules.Users.Api.csproj", "{D1A5E544-A954-45AF-9F25-18E1EDD49186}"
EndProject
Project("{9A19103F-16F7-4668-BE54-9A1E7A4F7556}") = "YetAnotherECommerce.Shared.Abstractions", "src\Shared\YetAnotherECommerce.Shared.Abstractions\YetAnotherECommerce.Shared.Abstractions.csproj", "{B41B117E-35AF-4EDA-9F2D-2B248F8D521A}"
EndProject
Project("{9A19103F-16F7-4668-BE54-9A1E7A4F7556}") = "YetAnotherECommerce.Shared.Infrastructure", "src\Shared\YetAnotherECommerce.Shared.Infrastructure\YetAnotherECommerce.Shared.Infrastructure.csproj", "{77374815-4916-4B31-BC5D-966EAB64FEFF}"
EndProject
Project("{9A19103F-16F7-4668-BE54-9A1E7A4F7556}") = "YetAnotherECommerce.Modules.Identity.Core", "src\Modules\Identity\YetAnotherECommerce.Modules.Identity.Core\YetAnotherECommerce.Modules.Identity.Core.csproj", "{1BE43977-565C-49B1-BA3A-EC22CD6275DA}"
EndProject
Project("{9A19103F-16F7-4668-BE54-9A1E7A4F7556}") = "YetAnotherECommerce.Modules.Users.Core", "src\Modules\Users\YetAnotherECommerce.Modules.Users.Core\YetAnotherECommerce.Modules.Users.Core.csproj", "{41E7FFCC-3F03-4A81-9C80-C790A63A8D49}"
EndProject
Project("{9A19103F-16F7-4668-BE54-9A1E7A4F7556}") = "YetAnotherECommerce.Modules.Identity.Messages", "src\Modules\Identity\YetAnotherECommerce.Modules.Identity.Messages\YetAnotherECommerce.Modules.Identity.Messages.csproj", "{A502E091-DD2C-4F24-B9BF-5AB47377E57A}"
EndProject
Project("{2150E333-8FDC-42A3-9474-1A3956D46DE8}") = "Modules", "Modules", "{10381D27-084B-474E-8A7C-40DFBD08DA57}"
EndProject
Project("{2150E333-8FDC-42A3-9474-1A3956D46DE8}") = "Identity", "Identity", "{E24E98D7-2041-437C-96F1-362B42875378}"
EndProject
Project("{9A19103F-16F7-4668-BE54-9A1E7A4F7556}") = "YetAnotherECommerce.Modules.Identity.Core.UnitTests", "tests\Modules\Identity\YetAnotherECommerce.Modules.Identity.Core.UnitTests\YetAnotherECommerce.Modules.Identity.Core.UnitTests.csproj", "{59D6BAC7-D669-4056-BAC1-13762A6656C9}"
EndProject
Project("{2150E333-8FDC-42A3-9474-1A3956D46DE8}") = "Products", "Products", "{2A13C821-43CD-465E-BF2E-F5E2692C59DD}"
EndProject
Project("{9A19103F-16F7-4668-BE54-9A1E7A4F7556}") = "YetAnotherECommerce.Modules.Products.Api", "src\Modules\Products\YetAnotherECommerce.Modules.Products.Api\YetAnotherECommerce.Modules.Products.Api.csproj", "{DB6821F5-292C-4412-8D15-F8B323B52C62}"
EndProject
Project("{9A19103F-16F7-4668-BE54-9A1E7A4F7556}") = "YetAnotherECommerce.Modules.Products.Core", "src\Modules\Products\YetAnotherECommerce.Modules.Products.Core\YetAnotherECommerce.Modules.Products.Core.csproj", "{B25B6552-4F0E-422A-ABD0-AECA9C082247}"
EndProject
Project("{2150E333-8FDC-42A3-9474-1A3956D46DE8}") = "Products", "Products", "{0FD49DFC-4FF4-4F78-B23D-FCFCDAC5C83A}"
EndProject
Project("{9A19103F-16F7-4668-BE54-9A1E7A4F7556}") = "YetAnotherECommerce.Modules.Products.UnitTests", "tests\Modules\Products\YetAnotherECommerce.Modules.Products.UnitTests\YetAnotherECommerce.Modules.Products.UnitTests.csproj", "{B2D5DCF5-9227-48E6-A5D1-F126C1B744AF}"
EndProject
Project("{2150E333-8FDC-42A3-9474-1A3956D46DE8}") = "Carts", "Carts", "{EB3C2439-CE05-478C-9BBE-CD6C6CF566FE}"
EndProject
Project("{9A19103F-16F7-4668-BE54-9A1E7A4F7556}") = "YetAnotherECommerce.Modules.Carts.Api", "src\Modules\Carts\YetAnotherECommerce.Modules.Carts.Api\YetAnotherECommerce.Modules.Carts.Api.csproj", "{259E5344-B3E1-4AE2-A14F-86A67A348DA3}"
EndProject
Project("{9A19103F-16F7-4668-BE54-9A1E7A4F7556}") = "YetAnotherECommerce.Modules.Carts.Core", "src\Modules\Carts\YetAnotherECommerce.Modules.Carts.Core\YetAnotherECommerce.Modules.Carts.Core.csproj", "{1C15F4C4-D7F7-41FE-84DE-7984B6A2F339}"
EndProject
Project("{9A19103F-16F7-4668-BE54-9A1E7A4F7556}") = "YetAnotherECommerce.Modules.Products.Messages", "src\Modules\Products\YetAnotherECommerce.Modules.Products.Messages\YetAnotherECommerce.Modules.Products.Messages.csproj", "{3176DE42-0A13-4A84-B95F-F18D4E65B9AC}"
EndProject
Project("{9A19103F-16F7-4668-BE54-9A1E7A4F7556}") = "YetAnotherECommerce.Modules.Carts.Messages", "src\Modules\Carts\YetAnotherECommerce.Modules.Carts.Messages\YetAnotherECommerce.Modules.Carts.Messages.csproj", "{455DF185-BAEC-469F-A45A-4D5F7B9D8E9E}"
EndProject
Project("{2150E333-8FDC-42A3-9474-1A3956D46DE8}") = "Orders", "Orders", "{0C123194-E116-4983-A705-125D77D0783E}"
EndProject
Project("{9A19103F-16F7-4668-BE54-9A1E7A4F7556}") = "YetAnotherECommerce.Modules.Orders.Api", "src\Modules\Orders\YetAnotherECommerce.Modules.Orders.Api\YetAnotherECommerce.Modules.Orders.Api.csproj", "{8F83BBFB-68E9-49CA-99EA-67F47D6D8C88}"
EndProject
Project("{9A19103F-16F7-4668-BE54-9A1E7A4F7556}") = "YetAnotherECommerce.Modules.Orders.Core", "src\Modules\Orders\YetAnotherECommerce.Modules.Orders.Core\YetAnotherECommerce.Modules.Orders.Core.csproj", "{51AEC762-A4C0-42B3-8761-9BEF4EE397CF}"
EndProject
Project("{9A19103F-16F7-4668-BE54-9A1E7A4F7556}") = "YetAnotherECommerce.Modules.Orders.Messages", "src\Modules\Orders\YetAnotherECommerce.Modules.Orders.Messages\YetAnotherECommerce.Modules.Orders.Messages.csproj", "{0F9939FD-B27A-4B01-BA45-CDD4AC8A5DAE}"
EndProject
Project("{FAE04EC0-301F-11D3-BF4B-00C04F79EFBC}") = "YetAnotherECommerce.Modules.Users.Messages", "src\Modules\Users\YetAnotherECommerce.Modules.Users.Messages\YetAnotherECommerce.Modules.Users.Messages.csproj", "{1FF0EEC9-9079-465C-9CA3-70CC682D44B8}"
EndProject
Global
	GlobalSection(SolutionConfigurationPlatforms) = preSolution
		Debug|Any CPU = Debug|Any CPU
		Release|Any CPU = Release|Any CPU
	EndGlobalSection
	GlobalSection(ProjectConfigurationPlatforms) = postSolution
		{7C071E65-ED04-4B44-A710-7CFB6F6F7106}.Debug|Any CPU.ActiveCfg = Debug|Any CPU
		{7C071E65-ED04-4B44-A710-7CFB6F6F7106}.Debug|Any CPU.Build.0 = Debug|Any CPU
		{7C071E65-ED04-4B44-A710-7CFB6F6F7106}.Release|Any CPU.ActiveCfg = Release|Any CPU
		{7C071E65-ED04-4B44-A710-7CFB6F6F7106}.Release|Any CPU.Build.0 = Release|Any CPU
		{7B8BF375-AC9C-475F-9C23-E755B0E63A19}.Debug|Any CPU.ActiveCfg = Debug|Any CPU
		{7B8BF375-AC9C-475F-9C23-E755B0E63A19}.Debug|Any CPU.Build.0 = Debug|Any CPU
		{7B8BF375-AC9C-475F-9C23-E755B0E63A19}.Release|Any CPU.ActiveCfg = Release|Any CPU
		{7B8BF375-AC9C-475F-9C23-E755B0E63A19}.Release|Any CPU.Build.0 = Release|Any CPU
		{D1A5E544-A954-45AF-9F25-18E1EDD49186}.Debug|Any CPU.ActiveCfg = Debug|Any CPU
		{D1A5E544-A954-45AF-9F25-18E1EDD49186}.Debug|Any CPU.Build.0 = Debug|Any CPU
		{D1A5E544-A954-45AF-9F25-18E1EDD49186}.Release|Any CPU.ActiveCfg = Release|Any CPU
		{D1A5E544-A954-45AF-9F25-18E1EDD49186}.Release|Any CPU.Build.0 = Release|Any CPU
		{B41B117E-35AF-4EDA-9F2D-2B248F8D521A}.Debug|Any CPU.ActiveCfg = Debug|Any CPU
		{B41B117E-35AF-4EDA-9F2D-2B248F8D521A}.Debug|Any CPU.Build.0 = Debug|Any CPU
		{B41B117E-35AF-4EDA-9F2D-2B248F8D521A}.Release|Any CPU.ActiveCfg = Release|Any CPU
		{B41B117E-35AF-4EDA-9F2D-2B248F8D521A}.Release|Any CPU.Build.0 = Release|Any CPU
		{77374815-4916-4B31-BC5D-966EAB64FEFF}.Debug|Any CPU.ActiveCfg = Debug|Any CPU
		{77374815-4916-4B31-BC5D-966EAB64FEFF}.Debug|Any CPU.Build.0 = Debug|Any CPU
		{77374815-4916-4B31-BC5D-966EAB64FEFF}.Release|Any CPU.ActiveCfg = Release|Any CPU
		{77374815-4916-4B31-BC5D-966EAB64FEFF}.Release|Any CPU.Build.0 = Release|Any CPU
		{1BE43977-565C-49B1-BA3A-EC22CD6275DA}.Debug|Any CPU.ActiveCfg = Debug|Any CPU
		{1BE43977-565C-49B1-BA3A-EC22CD6275DA}.Debug|Any CPU.Build.0 = Debug|Any CPU
		{1BE43977-565C-49B1-BA3A-EC22CD6275DA}.Release|Any CPU.ActiveCfg = Release|Any CPU
		{1BE43977-565C-49B1-BA3A-EC22CD6275DA}.Release|Any CPU.Build.0 = Release|Any CPU
		{41E7FFCC-3F03-4A81-9C80-C790A63A8D49}.Debug|Any CPU.ActiveCfg = Debug|Any CPU
		{41E7FFCC-3F03-4A81-9C80-C790A63A8D49}.Debug|Any CPU.Build.0 = Debug|Any CPU
		{41E7FFCC-3F03-4A81-9C80-C790A63A8D49}.Release|Any CPU.ActiveCfg = Release|Any CPU
		{41E7FFCC-3F03-4A81-9C80-C790A63A8D49}.Release|Any CPU.Build.0 = Release|Any CPU
		{A502E091-DD2C-4F24-B9BF-5AB47377E57A}.Debug|Any CPU.ActiveCfg = Debug|Any CPU
		{A502E091-DD2C-4F24-B9BF-5AB47377E57A}.Debug|Any CPU.Build.0 = Debug|Any CPU
		{A502E091-DD2C-4F24-B9BF-5AB47377E57A}.Release|Any CPU.ActiveCfg = Release|Any CPU
		{A502E091-DD2C-4F24-B9BF-5AB47377E57A}.Release|Any CPU.Build.0 = Release|Any CPU
		{59D6BAC7-D669-4056-BAC1-13762A6656C9}.Debug|Any CPU.ActiveCfg = Debug|Any CPU
		{59D6BAC7-D669-4056-BAC1-13762A6656C9}.Debug|Any CPU.Build.0 = Debug|Any CPU
		{59D6BAC7-D669-4056-BAC1-13762A6656C9}.Release|Any CPU.ActiveCfg = Release|Any CPU
		{59D6BAC7-D669-4056-BAC1-13762A6656C9}.Release|Any CPU.Build.0 = Release|Any CPU
		{DB6821F5-292C-4412-8D15-F8B323B52C62}.Debug|Any CPU.ActiveCfg = Debug|Any CPU
		{DB6821F5-292C-4412-8D15-F8B323B52C62}.Debug|Any CPU.Build.0 = Debug|Any CPU
		{DB6821F5-292C-4412-8D15-F8B323B52C62}.Release|Any CPU.ActiveCfg = Release|Any CPU
		{DB6821F5-292C-4412-8D15-F8B323B52C62}.Release|Any CPU.Build.0 = Release|Any CPU
		{B25B6552-4F0E-422A-ABD0-AECA9C082247}.Debug|Any CPU.ActiveCfg = Debug|Any CPU
		{B25B6552-4F0E-422A-ABD0-AECA9C082247}.Debug|Any CPU.Build.0 = Debug|Any CPU
		{B25B6552-4F0E-422A-ABD0-AECA9C082247}.Release|Any CPU.ActiveCfg = Release|Any CPU
		{B25B6552-4F0E-422A-ABD0-AECA9C082247}.Release|Any CPU.Build.0 = Release|Any CPU
		{B2D5DCF5-9227-48E6-A5D1-F126C1B744AF}.Debug|Any CPU.ActiveCfg = Debug|Any CPU
		{B2D5DCF5-9227-48E6-A5D1-F126C1B744AF}.Debug|Any CPU.Build.0 = Debug|Any CPU
		{B2D5DCF5-9227-48E6-A5D1-F126C1B744AF}.Release|Any CPU.ActiveCfg = Release|Any CPU
		{B2D5DCF5-9227-48E6-A5D1-F126C1B744AF}.Release|Any CPU.Build.0 = Release|Any CPU
		{259E5344-B3E1-4AE2-A14F-86A67A348DA3}.Debug|Any CPU.ActiveCfg = Debug|Any CPU
		{259E5344-B3E1-4AE2-A14F-86A67A348DA3}.Debug|Any CPU.Build.0 = Debug|Any CPU
		{259E5344-B3E1-4AE2-A14F-86A67A348DA3}.Release|Any CPU.ActiveCfg = Release|Any CPU
		{259E5344-B3E1-4AE2-A14F-86A67A348DA3}.Release|Any CPU.Build.0 = Release|Any CPU
		{1C15F4C4-D7F7-41FE-84DE-7984B6A2F339}.Debug|Any CPU.ActiveCfg = Debug|Any CPU
		{1C15F4C4-D7F7-41FE-84DE-7984B6A2F339}.Debug|Any CPU.Build.0 = Debug|Any CPU
		{1C15F4C4-D7F7-41FE-84DE-7984B6A2F339}.Release|Any CPU.ActiveCfg = Release|Any CPU
		{1C15F4C4-D7F7-41FE-84DE-7984B6A2F339}.Release|Any CPU.Build.0 = Release|Any CPU
		{3176DE42-0A13-4A84-B95F-F18D4E65B9AC}.Debug|Any CPU.ActiveCfg = Debug|Any CPU
		{3176DE42-0A13-4A84-B95F-F18D4E65B9AC}.Debug|Any CPU.Build.0 = Debug|Any CPU
		{3176DE42-0A13-4A84-B95F-F18D4E65B9AC}.Release|Any CPU.ActiveCfg = Release|Any CPU
		{3176DE42-0A13-4A84-B95F-F18D4E65B9AC}.Release|Any CPU.Build.0 = Release|Any CPU
		{455DF185-BAEC-469F-A45A-4D5F7B9D8E9E}.Debug|Any CPU.ActiveCfg = Debug|Any CPU
		{455DF185-BAEC-469F-A45A-4D5F7B9D8E9E}.Debug|Any CPU.Build.0 = Debug|Any CPU
		{455DF185-BAEC-469F-A45A-4D5F7B9D8E9E}.Release|Any CPU.ActiveCfg = Release|Any CPU
		{455DF185-BAEC-469F-A45A-4D5F7B9D8E9E}.Release|Any CPU.Build.0 = Release|Any CPU
		{8F83BBFB-68E9-49CA-99EA-67F47D6D8C88}.Debug|Any CPU.ActiveCfg = Debug|Any CPU
		{8F83BBFB-68E9-49CA-99EA-67F47D6D8C88}.Debug|Any CPU.Build.0 = Debug|Any CPU
		{8F83BBFB-68E9-49CA-99EA-67F47D6D8C88}.Release|Any CPU.ActiveCfg = Release|Any CPU
		{8F83BBFB-68E9-49CA-99EA-67F47D6D8C88}.Release|Any CPU.Build.0 = Release|Any CPU
		{51AEC762-A4C0-42B3-8761-9BEF4EE397CF}.Debug|Any CPU.ActiveCfg = Debug|Any CPU
		{51AEC762-A4C0-42B3-8761-9BEF4EE397CF}.Debug|Any CPU.Build.0 = Debug|Any CPU
		{51AEC762-A4C0-42B3-8761-9BEF4EE397CF}.Release|Any CPU.ActiveCfg = Release|Any CPU
		{51AEC762-A4C0-42B3-8761-9BEF4EE397CF}.Release|Any CPU.Build.0 = Release|Any CPU
		{0F9939FD-B27A-4B01-BA45-CDD4AC8A5DAE}.Debug|Any CPU.ActiveCfg = Debug|Any CPU
		{0F9939FD-B27A-4B01-BA45-CDD4AC8A5DAE}.Debug|Any CPU.Build.0 = Debug|Any CPU
		{0F9939FD-B27A-4B01-BA45-CDD4AC8A5DAE}.Release|Any CPU.ActiveCfg = Release|Any CPU
		{0F9939FD-B27A-4B01-BA45-CDD4AC8A5DAE}.Release|Any CPU.Build.0 = Release|Any CPU
		{1FF0EEC9-9079-465C-9CA3-70CC682D44B8}.Debug|Any CPU.ActiveCfg = Debug|Any CPU
		{1FF0EEC9-9079-465C-9CA3-70CC682D44B8}.Debug|Any CPU.Build.0 = Debug|Any CPU
		{1FF0EEC9-9079-465C-9CA3-70CC682D44B8}.Release|Any CPU.ActiveCfg = Release|Any CPU
		{1FF0EEC9-9079-465C-9CA3-70CC682D44B8}.Release|Any CPU.Build.0 = Release|Any CPU
	EndGlobalSection
	GlobalSection(SolutionProperties) = preSolution
		HideSolutionNode = FALSE
	EndGlobalSection
	GlobalSection(NestedProjects) = preSolution
		{B4EA92BB-FA5A-4364-85E6-64173239E6CB} = {D97ADB8E-B2A2-4CD7-8A79-A11D24718113}
		{7C071E65-ED04-4B44-A710-7CFB6F6F7106} = {B4EA92BB-FA5A-4364-85E6-64173239E6CB}
		{D74CBF10-4A6B-49DA-96F4-41EE87E75DAB} = {D97ADB8E-B2A2-4CD7-8A79-A11D24718113}
		{4FEC0D54-8212-4A24-96E3-04323C94C863} = {D74CBF10-4A6B-49DA-96F4-41EE87E75DAB}
		{7B8BF375-AC9C-475F-9C23-E755B0E63A19} = {4FEC0D54-8212-4A24-96E3-04323C94C863}
		{D5413548-BCFC-478F-8906-0484E2D94B25} = {D74CBF10-4A6B-49DA-96F4-41EE87E75DAB}
		{487BC44C-1C80-4F65-BAE4-189A0640D211} = {D97ADB8E-B2A2-4CD7-8A79-A11D24718113}
		{D1A5E544-A954-45AF-9F25-18E1EDD49186} = {D5413548-BCFC-478F-8906-0484E2D94B25}
		{B41B117E-35AF-4EDA-9F2D-2B248F8D521A} = {487BC44C-1C80-4F65-BAE4-189A0640D211}
		{77374815-4916-4B31-BC5D-966EAB64FEFF} = {487BC44C-1C80-4F65-BAE4-189A0640D211}
		{1BE43977-565C-49B1-BA3A-EC22CD6275DA} = {4FEC0D54-8212-4A24-96E3-04323C94C863}
		{41E7FFCC-3F03-4A81-9C80-C790A63A8D49} = {D5413548-BCFC-478F-8906-0484E2D94B25}
		{A502E091-DD2C-4F24-B9BF-5AB47377E57A} = {4FEC0D54-8212-4A24-96E3-04323C94C863}
		{10381D27-084B-474E-8A7C-40DFBD08DA57} = {53982C5F-E220-4BC1-9900-3C92151B12DE}
		{E24E98D7-2041-437C-96F1-362B42875378} = {10381D27-084B-474E-8A7C-40DFBD08DA57}
		{59D6BAC7-D669-4056-BAC1-13762A6656C9} = {E24E98D7-2041-437C-96F1-362B42875378}
		{2A13C821-43CD-465E-BF2E-F5E2692C59DD} = {D74CBF10-4A6B-49DA-96F4-41EE87E75DAB}
		{DB6821F5-292C-4412-8D15-F8B323B52C62} = {2A13C821-43CD-465E-BF2E-F5E2692C59DD}
		{B25B6552-4F0E-422A-ABD0-AECA9C082247} = {2A13C821-43CD-465E-BF2E-F5E2692C59DD}
		{0FD49DFC-4FF4-4F78-B23D-FCFCDAC5C83A} = {10381D27-084B-474E-8A7C-40DFBD08DA57}
		{B2D5DCF5-9227-48E6-A5D1-F126C1B744AF} = {0FD49DFC-4FF4-4F78-B23D-FCFCDAC5C83A}
		{EB3C2439-CE05-478C-9BBE-CD6C6CF566FE} = {D74CBF10-4A6B-49DA-96F4-41EE87E75DAB}
		{259E5344-B3E1-4AE2-A14F-86A67A348DA3} = {EB3C2439-CE05-478C-9BBE-CD6C6CF566FE}
		{1C15F4C4-D7F7-41FE-84DE-7984B6A2F339} = {EB3C2439-CE05-478C-9BBE-CD6C6CF566FE}
		{3176DE42-0A13-4A84-B95F-F18D4E65B9AC} = {2A13C821-43CD-465E-BF2E-F5E2692C59DD}
		{455DF185-BAEC-469F-A45A-4D5F7B9D8E9E} = {EB3C2439-CE05-478C-9BBE-CD6C6CF566FE}
		{0C123194-E116-4983-A705-125D77D0783E} = {D74CBF10-4A6B-49DA-96F4-41EE87E75DAB}
		{8F83BBFB-68E9-49CA-99EA-67F47D6D8C88} = {0C123194-E116-4983-A705-125D77D0783E}
		{51AEC762-A4C0-42B3-8761-9BEF4EE397CF} = {0C123194-E116-4983-A705-125D77D0783E}
		{0F9939FD-B27A-4B01-BA45-CDD4AC8A5DAE} = {0C123194-E116-4983-A705-125D77D0783E}
		{1FF0EEC9-9079-465C-9CA3-70CC682D44B8} = {D5413548-BCFC-478F-8906-0484E2D94B25}
	EndGlobalSection
	GlobalSection(ExtensibilityGlobals) = postSolution
		SolutionGuid = {781452E1-07B7-4B57-B526-70AA1377597C}
	EndGlobalSection
EndGlobal
