
Microsoft Visual Studio Solution File, Format Version 12.00
# Visual Studio Version 16
VisualStudioVersion = 16.0.31205.134
MinimumVisualStudioVersion = 10.0.40219.1
Project("{2150E333-8FDC-42A3-9474-1A3956D46DE8}") = "src", "src", "{D97ADB8E-B2A2-4CD7-8A79-A11D24718113}"
EndProject
Project("{2150E333-8FDC-42A3-9474-1A3956D46DE8}") = "tests", "tests", "{53982C5F-E220-4BC1-9900-3C92151B12DE}"
EndProject
Project("{2150E333-8FDC-42A3-9474-1A3956D46DE8}") = "Bootstrapper", "Bootstrapper", "{B4EA92BB-FA5A-4364-85E6-64173239E6CB}"
EndProject
Project("{FAE04EC0-301F-11D3-BF4B-00C04F79EFBC}") = "YetAnotherECommerce.Bootstrapper", "src\Bootstrapper\YetAnotherECommerce.Bootstrapper\YetAnotherECommerce.Bootstrapper.csproj", "{7C071E65-ED04-4B44-A710-7CFB6F6F7106}"
EndProject
Global
	GlobalSection(SolutionConfigurationPlatforms) = preSolution
		Debug|Any CPU = Debug|Any CPU
		Release|Any CPU = Release|Any CPU
	EndGlobalSection
	GlobalSection(ProjectConfigurationPlatforms) = postSolution
		{7C071E65-ED04-4B44-A710-7CFB6F6F7106}.Debug|Any CPU.ActiveCfg = Debug|Any CPU
		{7C071E65-ED04-4B44-A710-7CFB6F6F7106}.Debug|Any CPU.Build.0 = Debug|Any CPU
		{7C071E65-ED04-4B44-A710-7CFB6F6F7106}.Release|Any CPU.ActiveCfg = Release|Any CPU
		{7C071E65-ED04-4B44-A710-7CFB6F6F7106}.Release|Any CPU.Build.0 = Release|Any CPU
	EndGlobalSection
	GlobalSection(SolutionProperties) = preSolution
		HideSolutionNode = FALSE
	EndGlobalSection
	GlobalSection(NestedProjects) = preSolution
		{B4EA92BB-FA5A-4364-85E6-64173239E6CB} = {D97ADB8E-B2A2-4CD7-8A79-A11D24718113}
		{7C071E65-ED04-4B44-A710-7CFB6F6F7106} = {B4EA92BB-FA5A-4364-85E6-64173239E6CB}
	EndGlobalSection
	GlobalSection(ExtensibilityGlobals) = postSolution
		SolutionGuid = {781452E1-07B7-4B57-B526-70AA1377597C}
	EndGlobalSection
EndGlobal
